// !$*UTF8*$!
{
	archiveVersion = 1;
	classes = {
	};
	objectVersion = 55;
	objects = {

/* Begin PBXBuildFile section */
		81464FD127D5A8A4008591D3 /* MagnificationGestureBootCamp.swift in Sources */ = {isa = PBXBuildFile; fileRef = 81464FD027D5A8A4008591D3 /* MagnificationGestureBootCamp.swift */; };
		81464FD327D5AEB6008591D3 /* RotationGestrueBootCamp.swift in Sources */ = {isa = PBXBuildFile; fileRef = 81464FD227D5AEB6008591D3 /* RotationGestrueBootCamp.swift */; };
		81AAF97627D5935200BD4A75 /* SwiftuiThinkingIntermediateApp.swift in Sources */ = {isa = PBXBuildFile; fileRef = 81AAF97527D5935200BD4A75 /* SwiftuiThinkingIntermediateApp.swift */; };
		81AAF97827D5935200BD4A75 /* ContentView.swift in Sources */ = {isa = PBXBuildFile; fileRef = 81AAF97727D5935200BD4A75 /* ContentView.swift */; };
		81AAF97A27D5935400BD4A75 /* Assets.xcassets in Resources */ = {isa = PBXBuildFile; fileRef = 81AAF97927D5935400BD4A75 /* Assets.xcassets */; };
		81AAF97D27D5935400BD4A75 /* Preview Assets.xcassets in Resources */ = {isa = PBXBuildFile; fileRef = 81AAF97C27D5935400BD4A75 /* Preview Assets.xcassets */; };
		81AAF98427D59D1100BD4A75 /* LongPressGestureBootCamp.swift in Sources */ = {isa = PBXBuildFile; fileRef = 81AAF98327D59D1100BD4A75 /* LongPressGestureBootCamp.swift */; };
		81CF767127D71FFB00056C8E /* DragGestureBootCamp.swift in Sources */ = {isa = PBXBuildFile; fileRef = 81CF767027D71FFB00056C8E /* DragGestureBootCamp.swift */; };
		81CF767327D7288100056C8E /* DragGestureBootCamp2.swift in Sources */ = {isa = PBXBuildFile; fileRef = 81CF767227D7288100056C8E /* DragGestureBootCamp2.swift */; };
		81F1C19A27D8598F00D71CEF /* ScrollViewReaderBootCamp.swift in Sources */ = {isa = PBXBuildFile; fileRef = 81F1C19927D8598E00D71CEF /* ScrollViewReaderBootCamp.swift */; };
		81F1C19C27D8613100D71CEF /* GeometryReaderBootCamp.swift in Sources */ = {isa = PBXBuildFile; fileRef = 81F1C19B27D8613000D71CEF /* GeometryReaderBootCamp.swift */; };
/* End PBXBuildFile section */

/* Begin PBXFileReference section */
		81464FD027D5A8A4008591D3 /* MagnificationGestureBootCamp.swift */ = {isa = PBXFileReference; lastKnownFileType = sourcecode.swift; path = MagnificationGestureBootCamp.swift; sourceTree = "<group>"; };
		81464FD227D5AEB6008591D3 /* RotationGestrueBootCamp.swift */ = {isa = PBXFileReference; lastKnownFileType = sourcecode.swift; path = RotationGestrueBootCamp.swift; sourceTree = "<group>"; };
		81AAF97227D5935200BD4A75 /* SwiftuiThinkingIntermediate.app */ = {isa = PBXFileReference; explicitFileType = wrapper.application; includeInIndex = 0; path = SwiftuiThinkingIntermediate.app; sourceTree = BUILT_PRODUCTS_DIR; };
		81AAF97527D5935200BD4A75 /* SwiftuiThinkingIntermediateApp.swift */ = {isa = PBXFileReference; lastKnownFileType = sourcecode.swift; path = SwiftuiThinkingIntermediateApp.swift; sourceTree = "<group>"; };
		81AAF97727D5935200BD4A75 /* ContentView.swift */ = {isa = PBXFileReference; lastKnownFileType = sourcecode.swift; path = ContentView.swift; sourceTree = "<group>"; };
		81AAF97927D5935400BD4A75 /* Assets.xcassets */ = {isa = PBXFileReference; lastKnownFileType = folder.assetcatalog; path = Assets.xcassets; sourceTree = "<group>"; };
		81AAF97C27D5935400BD4A75 /* Preview Assets.xcassets */ = {isa = PBXFileReference; lastKnownFileType = folder.assetcatalog; path = "Preview Assets.xcassets"; sourceTree = "<group>"; };
		81AAF98327D59D1100BD4A75 /* LongPressGestureBootCamp.swift */ = {isa = PBXFileReference; lastKnownFileType = sourcecode.swift; path = LongPressGestureBootCamp.swift; sourceTree = "<group>"; };
		81CF767027D71FFB00056C8E /* DragGestureBootCamp.swift */ = {isa = PBXFileReference; lastKnownFileType = sourcecode.swift; path = DragGestureBootCamp.swift; sourceTree = "<group>"; };
		81CF767227D7288100056C8E /* DragGestureBootCamp2.swift */ = {isa = PBXFileReference; lastKnownFileType = sourcecode.swift; path = DragGestureBootCamp2.swift; sourceTree = "<group>"; };
		81F1C19927D8598E00D71CEF /* ScrollViewReaderBootCamp.swift */ = {isa = PBXFileReference; lastKnownFileType = sourcecode.swift; path = ScrollViewReaderBootCamp.swift; sourceTree = "<group>"; };
		81F1C19B27D8613000D71CEF /* GeometryReaderBootCamp.swift */ = {isa = PBXFileReference; lastKnownFileType = sourcecode.swift; path = GeometryReaderBootCamp.swift; sourceTree = "<group>"; };
/* End PBXFileReference section */

/* Begin PBXFrameworksBuildPhase section */
		81AAF96F27D5935200BD4A75 /* Frameworks */ = {
			isa = PBXFrameworksBuildPhase;
			buildActionMask = 2147483647;
			files = (
			);
			runOnlyForDeploymentPostprocessing = 0;
		};
/* End PBXFrameworksBuildPhase section */

/* Begin PBXGroup section */
		81AAF96927D5935200BD4A75 = {
			isa = PBXGroup;
			children = (
				81AAF97427D5935200BD4A75 /* SwiftuiThinkingIntermediate */,
				81AAF97327D5935200BD4A75 /* Products */,
			);
			sourceTree = "<group>";
		};
		81AAF97327D5935200BD4A75 /* Products */ = {
			isa = PBXGroup;
			children = (
				81AAF97227D5935200BD4A75 /* SwiftuiThinkingIntermediate.app */,
			);
			name = Products;
			sourceTree = "<group>";
		};
		81AAF97427D5935200BD4A75 /* SwiftuiThinkingIntermediate */ = {
			isa = PBXGroup;
			children = (
				81AAF97527D5935200BD4A75 /* SwiftuiThinkingIntermediateApp.swift */,
				81AAF97727D5935200BD4A75 /* ContentView.swift */,
				81AAF98327D59D1100BD4A75 /* LongPressGestureBootCamp.swift */,
				81464FD027D5A8A4008591D3 /* MagnificationGestureBootCamp.swift */,
				81464FD227D5AEB6008591D3 /* RotationGestrueBootCamp.swift */,
				81CF767027D71FFB00056C8E /* DragGestureBootCamp.swift */,
				81CF767227D7288100056C8E /* DragGestureBootCamp2.swift */,
				81F1C19927D8598E00D71CEF /* ScrollViewReaderBootCamp.swift */,
				81F1C19B27D8613000D71CEF /* GeometryReaderBootCamp.swift */,
				81AAF97927D5935400BD4A75 /* Assets.xcassets */,
				81AAF97B27D5935400BD4A75 /* Preview Content */,
			);
			path = SwiftuiThinkingIntermediate;
			sourceTree = "<group>";
		};
		81AAF97B27D5935400BD4A75 /* Preview Content */ = {
			isa = PBXGroup;
			children = (
				81AAF97C27D5935400BD4A75 /* Preview Assets.xcassets */,
			);
			path = "Preview Content";
			sourceTree = "<group>";
		};
/* End PBXGroup section */

/* Begin PBXNativeTarget section */
		81AAF97127D5935200BD4A75 /* SwiftuiThinkingIntermediate */ = {
			isa = PBXNativeTarget;
			buildConfigurationList = 81AAF98027D5935400BD4A75 /* Build configuration list for PBXNativeTarget "SwiftuiThinkingIntermediate" */;
			buildPhases = (
				81AAF96E27D5935200BD4A75 /* Sources */,
				81AAF96F27D5935200BD4A75 /* Frameworks */,
				81AAF97027D5935200BD4A75 /* Resources */,
			);
			buildRules = (
			);
			dependencies = (
			);
			name = SwiftuiThinkingIntermediate;
			productName = SwiftuiThinkingIntermediate;
			productReference = 81AAF97227D5935200BD4A75 /* SwiftuiThinkingIntermediate.app */;
			productType = "com.apple.product-type.application";
		};
/* End PBXNativeTarget section */

/* Begin PBXProject section */
		81AAF96A27D5935200BD4A75 /* Project object */ = {
			isa = PBXProject;
			attributes = {
				BuildIndependentTargetsInParallel = 1;
				LastSwiftUpdateCheck = 1320;
				LastUpgradeCheck = 1320;
				TargetAttributes = {
					81AAF97127D5935200BD4A75 = {
						CreatedOnToolsVersion = 13.2.1;
					};
				};
			};
			buildConfigurationList = 81AAF96D27D5935200BD4A75 /* Build configuration list for PBXProject "SwiftuiThinkingIntermediate" */;
			compatibilityVersion = "Xcode 13.0";
			developmentRegion = en;
			hasScannedForEncodings = 0;
			knownRegions = (
				en,
				Base,
			);
			mainGroup = 81AAF96927D5935200BD4A75;
			productRefGroup = 81AAF97327D5935200BD4A75 /* Products */;
			projectDirPath = "";
			projectRoot = "";
			targets = (
				81AAF97127D5935200BD4A75 /* SwiftuiThinkingIntermediate */,
			);
		};
/* End PBXProject section */

/* Begin PBXResourcesBuildPhase section */
		81AAF97027D5935200BD4A75 /* Resources */ = {
			isa = PBXResourcesBuildPhase;
			buildActionMask = 2147483647;
			files = (
				81AAF97D27D5935400BD4A75 /* Preview Assets.xcassets in Resources */,
				81AAF97A27D5935400BD4A75 /* Assets.xcassets in Resources */,
			);
			runOnlyForDeploymentPostprocessing = 0;
		};
/* End PBXResourcesBuildPhase section */

/* Begin PBXSourcesBuildPhase section */
		81AAF96E27D5935200BD4A75 /* Sources */ = {
			isa = PBXSourcesBuildPhase;
			buildActionMask = 2147483647;
			files = (
				81464FD327D5AEB6008591D3 /* RotationGestrueBootCamp.swift in Sources */,
				81AAF97827D5935200BD4A75 /* ContentView.swift in Sources */,
				81CF767327D7288100056C8E /* DragGestureBootCamp2.swift in Sources */,
				81F1C19A27D8598F00D71CEF /* ScrollViewReaderBootCamp.swift in Sources */,
				81F1C19C27D8613100D71CEF /* GeometryReaderBootCamp.swift in Sources */,
				81AAF97627D5935200BD4A75 /* SwiftuiThinkingIntermediateApp.swift in Sources */,
				81464FD127D5A8A4008591D3 /* MagnificationGestureBootCamp.swift in Sources */,
				81CF767127D71FFB00056C8E /* DragGestureBootCamp.swift in Sources */,
				81AAF98427D59D1100BD4A75 /* LongPressGestureBootCamp.swift in Sources */,
			);
			runOnlyForDeploymentPostprocessing = 0;
		};
/* End PBXSourcesBuildPhase section */

/* Begin XCBuildConfiguration section */
		81AAF97E27D5935400BD4A75 /* Debug */ = {
			isa = XCBuildConfiguration;
			buildSettings = {
				ALWAYS_SEARCH_USER_PATHS = NO;
				CLANG_ANALYZER_NONNULL = YES;
				CLANG_ANALYZER_NUMBER_OBJECT_CONVERSION = YES_AGGRESSIVE;
				CLANG_CXX_LANGUAGE_STANDARD = "gnu++17";
				CLANG_CXX_LIBRARY = "libc++";
				CLANG_ENABLE_MODULES = YES;
				CLANG_ENABLE_OBJC_ARC = YES;
				CLANG_ENABLE_OBJC_WEAK = YES;
				CLANG_WARN_BLOCK_CAPTURE_AUTORELEASING = YES;
				CLANG_WARN_BOOL_CONVERSION = YES;
				CLANG_WARN_COMMA = YES;
				CLANG_WARN_CONSTANT_CONVERSION = YES;
				CLANG_WARN_DEPRECATED_OBJC_IMPLEMENTATIONS = YES;
				CLANG_WARN_DIRECT_OBJC_ISA_USAGE = YES_ERROR;
				CLANG_WARN_DOCUMENTATION_COMMENTS = YES;
				CLANG_WARN_EMPTY_BODY = YES;
				CLANG_WARN_ENUM_CONVERSION = YES;
				CLANG_WARN_INFINITE_RECURSION = YES;
				CLANG_WARN_INT_CONVERSION = YES;
				CLANG_WARN_NON_LITERAL_NULL_CONVERSION = YES;
				CLANG_WARN_OBJC_IMPLICIT_RETAIN_SELF = YES;
				CLANG_WARN_OBJC_LITERAL_CONVERSION = YES;
				CLANG_WARN_OBJC_ROOT_CLASS = YES_ERROR;
				CLANG_WARN_QUOTED_INCLUDE_IN_FRAMEWORK_HEADER = YES;
				CLANG_WARN_RANGE_LOOP_ANALYSIS = YES;
				CLANG_WARN_STRICT_PROTOTYPES = YES;
				CLANG_WARN_SUSPICIOUS_MOVE = YES;
				CLANG_WARN_UNGUARDED_AVAILABILITY = YES_AGGRESSIVE;
				CLANG_WARN_UNREACHABLE_CODE = YES;
				CLANG_WARN__DUPLICATE_METHOD_MATCH = YES;
				COPY_PHASE_STRIP = NO;
				DEBUG_INFORMATION_FORMAT = dwarf;
				ENABLE_STRICT_OBJC_MSGSEND = YES;
				ENABLE_TESTABILITY = YES;
				GCC_C_LANGUAGE_STANDARD = gnu11;
				GCC_DYNAMIC_NO_PIC = NO;
				GCC_NO_COMMON_BLOCKS = YES;
				GCC_OPTIMIZATION_LEVEL = 0;
				GCC_PREPROCESSOR_DEFINITIONS = (
					"DEBUG=1",
					"$(inherited)",
				);
				GCC_WARN_64_TO_32_BIT_CONVERSION = YES;
				GCC_WARN_ABOUT_RETURN_TYPE = YES_ERROR;
				GCC_WARN_UNDECLARED_SELECTOR = YES;
				GCC_WARN_UNINITIALIZED_AUTOS = YES_AGGRESSIVE;
				GCC_WARN_UNUSED_FUNCTION = YES;
				GCC_WARN_UNUSED_VARIABLE = YES;
				IPHONEOS_DEPLOYMENT_TARGET = 15.2;
				MTL_ENABLE_DEBUG_INFO = INCLUDE_SOURCE;
				MTL_FAST_MATH = YES;
				ONLY_ACTIVE_ARCH = YES;
				SDKROOT = iphoneos;
				SWIFT_ACTIVE_COMPILATION_CONDITIONS = DEBUG;
				SWIFT_OPTIMIZATION_LEVEL = "-Onone";
			};
			name = Debug;
		};
		81AAF97F27D5935400BD4A75 /* Release */ = {
			isa = XCBuildConfiguration;
			buildSettings = {
				ALWAYS_SEARCH_USER_PATHS = NO;
				CLANG_ANALYZER_NONNULL = YES;
				CLANG_ANALYZER_NUMBER_OBJECT_CONVERSION = YES_AGGRESSIVE;
				CLANG_CXX_LANGUAGE_STANDARD = "gnu++17";
				CLANG_CXX_LIBRARY = "libc++";
				CLANG_ENABLE_MODULES = YES;
				CLANG_ENABLE_OBJC_ARC = YES;
				CLANG_ENABLE_OBJC_WEAK = YES;
				CLANG_WARN_BLOCK_CAPTURE_AUTORELEASING = YES;
				CLANG_WARN_BOOL_CONVERSION = YES;
				CLANG_WARN_COMMA = YES;
				CLANG_WARN_CONSTANT_CONVERSION = YES;
				CLANG_WARN_DEPRECATED_OBJC_IMPLEMENTATIONS = YES;
				CLANG_WARN_DIRECT_OBJC_ISA_USAGE = YES_ERROR;
				CLANG_WARN_DOCUMENTATION_COMMENTS = YES;
				CLANG_WARN_EMPTY_BODY = YES;
				CLANG_WARN_ENUM_CONVERSION = YES;
				CLANG_WARN_INFINITE_RECURSION = YES;
				CLANG_WARN_INT_CONVERSION = YES;
				CLANG_WARN_NON_LITERAL_NULL_CONVERSION = YES;
				CLANG_WARN_OBJC_IMPLICIT_RETAIN_SELF = YES;
				CLANG_WARN_OBJC_LITERAL_CONVERSION = YES;
				CLANG_WARN_OBJC_ROOT_CLASS = YES_ERROR;
				CLANG_WARN_QUOTED_INCLUDE_IN_FRAMEWORK_HEADER = YES;
				CLANG_WARN_RANGE_LOOP_ANALYSIS = YES;
				CLANG_WARN_STRICT_PROTOTYPES = YES;
				CLANG_WARN_SUSPICIOUS_MOVE = YES;
				CLANG_WARN_UNGUARDED_AVAILABILITY = YES_AGGRESSIVE;
				CLANG_WARN_UNREACHABLE_CODE = YES;
				CLANG_WARN__DUPLICATE_METHOD_MATCH = YES;
				COPY_PHASE_STRIP = NO;
				DEBUG_INFORMATION_FORMAT = "dwarf-with-dsym";
				ENABLE_NS_ASSERTIONS = NO;
				ENABLE_STRICT_OBJC_MSGSEND = YES;
				GCC_C_LANGUAGE_STANDARD = gnu11;
				GCC_NO_COMMON_BLOCKS = YES;
				GCC_WARN_64_TO_32_BIT_CONVERSION = YES;
				GCC_WARN_ABOUT_RETURN_TYPE = YES_ERROR;
				GCC_WARN_UNDECLARED_SELECTOR = YES;
				GCC_WARN_UNINITIALIZED_AUTOS = YES_AGGRESSIVE;
				GCC_WARN_UNUSED_FUNCTION = YES;
				GCC_WARN_UNUSED_VARIABLE = YES;
				IPHONEOS_DEPLOYMENT_TARGET = 15.2;
				MTL_ENABLE_DEBUG_INFO = NO;
				MTL_FAST_MATH = YES;
				SDKROOT = iphoneos;
				SWIFT_COMPILATION_MODE = wholemodule;
				SWIFT_OPTIMIZATION_LEVEL = "-O";
				VALIDATE_PRODUCT = YES;
			};
			name = Release;
		};
		81AAF98127D5935400BD4A75 /* Debug */ = {
			isa = XCBuildConfiguration;
			buildSettings = {
				ASSETCATALOG_COMPILER_APPICON_NAME = AppIcon;
				ASSETCATALOG_COMPILER_GLOBAL_ACCENT_COLOR_NAME = AccentColor;
				CODE_SIGN_STYLE = Automatic;
				CURRENT_PROJECT_VERSION = 1;
				DEVELOPMENT_ASSET_PATHS = "\"SwiftuiThinkingIntermediate/Preview Content\"";
				DEVELOPMENT_TEAM = M63L6X73D4;
				ENABLE_PREVIEWS = YES;
				GENERATE_INFOPLIST_FILE = YES;
				INFOPLIST_KEY_UIApplicationSceneManifest_Generation = YES;
				INFOPLIST_KEY_UIApplicationSupportsIndirectInputEvents = YES;
				INFOPLIST_KEY_UILaunchScreen_Generation = YES;
				INFOPLIST_KEY_UISupportedInterfaceOrientations_iPad = "UIInterfaceOrientationPortrait UIInterfaceOrientationPortraitUpsideDown UIInterfaceOrientationLandscapeLeft UIInterfaceOrientationLandscapeRight";
				INFOPLIST_KEY_UISupportedInterfaceOrientations_iPhone = "UIInterfaceOrientationPortrait UIInterfaceOrientationLandscapeLeft UIInterfaceOrientationLandscapeRight";
				LD_RUNPATH_SEARCH_PATHS = (
					"$(inherited)",
					"@executable_path/Frameworks",
				);
				MARKETING_VERSION = 1.0;
				PRODUCT_BUNDLE_IDENTIFIER = info.jacobko.SwiftuiThinkingIntermediate;
				PRODUCT_NAME = "$(TARGET_NAME)";
				SWIFT_EMIT_LOC_STRINGS = YES;
				SWIFT_VERSION = 5.0;
				TARGETED_DEVICE_FAMILY = "1,2";
			};
			name = Debug;
		};
		81AAF98227D5935400BD4A75 /* Release */ = {
			isa = XCBuildConfiguration;
			buildSettings = {
				ASSETCATALOG_COMPILER_APPICON_NAME = AppIcon;
				ASSETCATALOG_COMPILER_GLOBAL_ACCENT_COLOR_NAME = AccentColor;
				CODE_SIGN_STYLE = Automatic;
				CURRENT_PROJECT_VERSION = 1;
				DEVELOPMENT_ASSET_PATHS = "\"SwiftuiThinkingIntermediate/Preview Content\"";
				DEVELOPMENT_TEAM = M63L6X73D4;
				ENABLE_PREVIEWS = YES;
				GENERATE_INFOPLIST_FILE = YES;
				INFOPLIST_KEY_UIApplicationSceneManifest_Generation = YES;
				INFOPLIST_KEY_UIApplicationSupportsIndirectInputEvents = YES;
				INFOPLIST_KEY_UILaunchScreen_Generation = YES;
				INFOPLIST_KEY_UISupportedInterfaceOrientations_iPad = "UIInterfaceOrientationPortrait UIInterfaceOrientationPortraitUpsideDown UIInterfaceOrientationLandscapeLeft UIInterfaceOrientationLandscapeRight";
				INFOPLIST_KEY_UISupportedInterfaceOrientations_iPhone = "UIInterfaceOrientationPortrait UIInterfaceOrientationLandscapeLeft UIInterfaceOrientationLandscapeRight";
				LD_RUNPATH_SEARCH_PATHS = (
					"$(inherited)",
					"@executable_path/Frameworks",
				);
				MARKETING_VERSION = 1.0;
				PRODUCT_BUNDLE_IDENTIFIER = info.jacobko.SwiftuiThinkingIntermediate;
				PRODUCT_NAME = "$(TARGET_NAME)";
				SWIFT_EMIT_LOC_STRINGS = YES;
				SWIFT_VERSION = 5.0;
				TARGETED_DEVICE_FAMILY = "1,2";
			};
			name = Release;
		};
/* End XCBuildConfiguration section */

/* Begin XCConfigurationList section */
		81AAF96D27D5935200BD4A75 /* Build configuration list for PBXProject "SwiftuiThinkingIntermediate" */ = {
			isa = XCConfigurationList;
			buildConfigurations = (
				81AAF97E27D5935400BD4A75 /* Debug */,
				81AAF97F27D5935400BD4A75 /* Release */,
			);
			defaultConfigurationIsVisible = 0;
			defaultConfigurationName = Release;
		};
		81AAF98027D5935400BD4A75 /* Build configuration list for PBXNativeTarget "SwiftuiThinkingIntermediate" */ = {
			isa = XCConfigurationList;
			buildConfigurations = (
				81AAF98127D5935400BD4A75 /* Debug */,
				81AAF98227D5935400BD4A75 /* Release */,
			);
			defaultConfigurationIsVisible = 0;
			defaultConfigurationName = Release;
		};
/* End XCConfigurationList section */
	};
	rootObject = 81AAF96A27D5935200BD4A75 /* Project object */;
}
